
Microsoft Visual Studio Solution File, Format Version 12.00
# Visual Studio Version 17
VisualStudioVersion = 17.2.32616.157
MinimumVisualStudioVersion = 10.0.40219.1
Project("{FAE04EC0-301F-11D3-BF4B-00C04F79EFBC}") = "AppHotel.Android", "AppHotel.Android\AppHotel.Android.csproj", "{C83F3CB1-7641-487F-BC87-276D5C15AD97}"
EndProject
Project("{FAE04EC0-301F-11D3-BF4B-00C04F79EFBC}") = "AppHotel", "AppHotel\AppHotel.csproj", "{CBA5CFC0-D508-4A4E-8224-5EF9C8DC390D}"
EndProject
Global
	GlobalSection(SolutionConfigurationPlatforms) = preSolution
		Debug|Any CPU = Debug|Any CPU
		Release|Any CPU = Release|Any CPU
	EndGlobalSection
	GlobalSection(ProjectConfigurationPlatforms) = postSolution
		{C83F3CB1-7641-487F-BC87-276D5C15AD97}.Debug|Any CPU.ActiveCfg = Debug|Any CPU
		{C83F3CB1-7641-487F-BC87-276D5C15AD97}.Debug|Any CPU.Build.0 = Debug|Any CPU
		{C83F3CB1-7641-487F-BC87-276D5C15AD97}.Debug|Any CPU.Deploy.0 = Debug|Any CPU
		{C83F3CB1-7641-487F-BC87-276D5C15AD97}.Release|Any CPU.ActiveCfg = Release|Any CPU
		{C83F3CB1-7641-487F-BC87-276D5C15AD97}.Release|Any CPU.Build.0 = Release|Any CPU
		{C83F3CB1-7641-487F-BC87-276D5C15AD97}.Release|Any CPU.Deploy.0 = Release|Any CPU
		{CBA5CFC0-D508-4A4E-8224-5EF9C8DC390D}.Debug|Any CPU.ActiveCfg = Debug|Any CPU
		{CBA5CFC0-D508-4A4E-8224-5EF9C8DC390D}.Debug|Any CPU.Build.0 = Debug|Any CPU
		{CBA5CFC0-D508-4A4E-8224-5EF9C8DC390D}.Debug|Any CPU.Deploy.0 = Debug|Any CPU
		{CBA5CFC0-D508-4A4E-8224-5EF9C8DC390D}.Release|Any CPU.ActiveCfg = Release|Any CPU
		{CBA5CFC0-D508-4A4E-8224-5EF9C8DC390D}.Release|Any CPU.Build.0 = Release|Any CPU
		{CBA5CFC0-D508-4A4E-8224-5EF9C8DC390D}.Release|Any CPU.Deploy.0 = Release|Any CPU
	EndGlobalSection
	GlobalSection(SolutionProperties) = preSolution
		HideSolutionNode = FALSE
	EndGlobalSection
	GlobalSection(ExtensibilityGlobals) = postSolution
		SolutionGuid = {D5F1E7A1-B16D-4DAA-8142-CBD6B6FF026F}
	EndGlobalSection
EndGlobal
