
Microsoft Visual Studio Solution File, Format Version 12.00
# Visual Studio Version 17
VisualStudioVersion = 17.2.32616.157
MinimumVisualStudioVersion = 10.0.40219.1
Project("{FAE04EC0-301F-11D3-BF4B-00C04F79EFBC}") = "appLogin.Android", "appLogin.Android\appLogin.Android.csproj", "{D9A832BC-3B28-4980-A4E7-E8ACD26C64CF}"
EndProject
Project("{FAE04EC0-301F-11D3-BF4B-00C04F79EFBC}") = "appLogin", "appLogin\appLogin.csproj", "{9D2B4670-9E52-43E1-8988-12F3921DCB4A}"
EndProject
Global
	GlobalSection(SolutionConfigurationPlatforms) = preSolution
		Debug|Any CPU = Debug|Any CPU
		Release|Any CPU = Release|Any CPU
	EndGlobalSection
	GlobalSection(ProjectConfigurationPlatforms) = postSolution
		{D9A832BC-3B28-4980-A4E7-E8ACD26C64CF}.Debug|Any CPU.ActiveCfg = Debug|Any CPU
		{D9A832BC-3B28-4980-A4E7-E8ACD26C64CF}.Debug|Any CPU.Build.0 = Debug|Any CPU
		{D9A832BC-3B28-4980-A4E7-E8ACD26C64CF}.Debug|Any CPU.Deploy.0 = Debug|Any CPU
		{D9A832BC-3B28-4980-A4E7-E8ACD26C64CF}.Release|Any CPU.ActiveCfg = Release|Any CPU
		{D9A832BC-3B28-4980-A4E7-E8ACD26C64CF}.Release|Any CPU.Build.0 = Release|Any CPU
		{D9A832BC-3B28-4980-A4E7-E8ACD26C64CF}.Release|Any CPU.Deploy.0 = Release|Any CPU
		{9D2B4670-9E52-43E1-8988-12F3921DCB4A}.Debug|Any CPU.ActiveCfg = Debug|Any CPU
		{9D2B4670-9E52-43E1-8988-12F3921DCB4A}.Debug|Any CPU.Build.0 = Debug|Any CPU
		{9D2B4670-9E52-43E1-8988-12F3921DCB4A}.Debug|Any CPU.Deploy.0 = Debug|Any CPU
		{9D2B4670-9E52-43E1-8988-12F3921DCB4A}.Release|Any CPU.ActiveCfg = Release|Any CPU
		{9D2B4670-9E52-43E1-8988-12F3921DCB4A}.Release|Any CPU.Build.0 = Release|Any CPU
		{9D2B4670-9E52-43E1-8988-12F3921DCB4A}.Release|Any CPU.Deploy.0 = Release|Any CPU
	EndGlobalSection
	GlobalSection(SolutionProperties) = preSolution
		HideSolutionNode = FALSE
	EndGlobalSection
	GlobalSection(ExtensibilityGlobals) = postSolution
		SolutionGuid = {0768DD8C-583B-4492-9C2C-20D1945045AC}
	EndGlobalSection
EndGlobal
